
Microsoft Visual Studio Solution File, Format Version 12.00
# Visual Studio 15
VisualStudioVersion = 15.0.27703.2000
MinimumVisualStudioVersion = 10.0.40219.1
Project("{FAE04EC0-301F-11D3-BF4B-00C04F79EFBC}") = "ListProductsEventId", "ListProductsEventId\ListProductsEventId.csproj", "{7D41EDEE-A006-4DA0-94EF-F572D4E63509}"
EndProject
Project("{FAE04EC0-301F-11D3-BF4B-00C04F79EFBC}") = "ListProductsEventIdTests", "ListProductsEventIdTests\ListProductsEventIdTests.csproj", "{BE3DCA84-046B-47CF-A7A4-445537A44E9A}"
EndProject
Project("{FAE04EC0-301F-11D3-BF4B-00C04F79EFBC}") = "GroupTenItems", "GroupTenItems\GroupTenItems.csproj", "{A530A1DC-EE44-4E91-A739-837EA99C7AA1}"
EndProject
Project("{FAE04EC0-301F-11D3-BF4B-00C04F79EFBC}") = "Utility", "Utility\Utility.csproj", "{15502DFD-339A-41AF-AF70-6D4A2F58D021}"
EndProject
Project("{FAE04EC0-301F-11D3-BF4B-00C04F79EFBC}") = "GroupTenItemsTests", "GroupTenItemsTests\GroupTenItemsTests.csproj", "{1D69ACBA-E919-4BBE-B9EA-D3F5CEB676A8}"
EndProject
Project("{FAE04EC0-301F-11D3-BF4B-00C04F79EFBC}") = "FindDuplicateItems", "FindDuplicateItems\FindDuplicateItems.csproj", "{06DDA21B-BE44-4BC3-9DAA-950DF67BA3DE}"
EndProject
Global
	GlobalSection(SolutionConfigurationPlatforms) = preSolution
		Debug|Any CPU = Debug|Any CPU
		Release|Any CPU = Release|Any CPU
	EndGlobalSection
	GlobalSection(ProjectConfigurationPlatforms) = postSolution
		{7D41EDEE-A006-4DA0-94EF-F572D4E63509}.Debug|Any CPU.ActiveCfg = Debug|Any CPU
		{7D41EDEE-A006-4DA0-94EF-F572D4E63509}.Debug|Any CPU.Build.0 = Debug|Any CPU
		{7D41EDEE-A006-4DA0-94EF-F572D4E63509}.Release|Any CPU.ActiveCfg = Release|Any CPU
		{7D41EDEE-A006-4DA0-94EF-F572D4E63509}.Release|Any CPU.Build.0 = Release|Any CPU
		{BE3DCA84-046B-47CF-A7A4-445537A44E9A}.Debug|Any CPU.ActiveCfg = Debug|Any CPU
		{BE3DCA84-046B-47CF-A7A4-445537A44E9A}.Debug|Any CPU.Build.0 = Debug|Any CPU
		{BE3DCA84-046B-47CF-A7A4-445537A44E9A}.Release|Any CPU.ActiveCfg = Release|Any CPU
		{BE3DCA84-046B-47CF-A7A4-445537A44E9A}.Release|Any CPU.Build.0 = Release|Any CPU
		{A530A1DC-EE44-4E91-A739-837EA99C7AA1}.Debug|Any CPU.ActiveCfg = Debug|Any CPU
		{A530A1DC-EE44-4E91-A739-837EA99C7AA1}.Debug|Any CPU.Build.0 = Debug|Any CPU
		{A530A1DC-EE44-4E91-A739-837EA99C7AA1}.Release|Any CPU.ActiveCfg = Release|Any CPU
		{A530A1DC-EE44-4E91-A739-837EA99C7AA1}.Release|Any CPU.Build.0 = Release|Any CPU
		{15502DFD-339A-41AF-AF70-6D4A2F58D021}.Debug|Any CPU.ActiveCfg = Debug|Any CPU
		{15502DFD-339A-41AF-AF70-6D4A2F58D021}.Debug|Any CPU.Build.0 = Debug|Any CPU
		{15502DFD-339A-41AF-AF70-6D4A2F58D021}.Release|Any CPU.ActiveCfg = Release|Any CPU
		{15502DFD-339A-41AF-AF70-6D4A2F58D021}.Release|Any CPU.Build.0 = Release|Any CPU
		{1D69ACBA-E919-4BBE-B9EA-D3F5CEB676A8}.Debug|Any CPU.ActiveCfg = Debug|Any CPU
		{1D69ACBA-E919-4BBE-B9EA-D3F5CEB676A8}.Debug|Any CPU.Build.0 = Debug|Any CPU
		{1D69ACBA-E919-4BBE-B9EA-D3F5CEB676A8}.Release|Any CPU.ActiveCfg = Release|Any CPU
		{1D69ACBA-E919-4BBE-B9EA-D3F5CEB676A8}.Release|Any CPU.Build.0 = Release|Any CPU
		{06DDA21B-BE44-4BC3-9DAA-950DF67BA3DE}.Debug|Any CPU.ActiveCfg = Debug|Any CPU
		{06DDA21B-BE44-4BC3-9DAA-950DF67BA3DE}.Debug|Any CPU.Build.0 = Debug|Any CPU
		{06DDA21B-BE44-4BC3-9DAA-950DF67BA3DE}.Release|Any CPU.ActiveCfg = Release|Any CPU
		{06DDA21B-BE44-4BC3-9DAA-950DF67BA3DE}.Release|Any CPU.Build.0 = Release|Any CPU
	EndGlobalSection
	GlobalSection(SolutionProperties) = preSolution
		HideSolutionNode = FALSE
	EndGlobalSection
	GlobalSection(ExtensibilityGlobals) = postSolution
		SolutionGuid = {12C96959-9B16-4675-ACD3-7B0A19A611C3}
	EndGlobalSection
EndGlobal
